
Microsoft Visual Studio Solution File, Format Version 12.00
# Visual Studio Version 16
VisualStudioVersion = 16.0.31105.61
MinimumVisualStudioVersion = 10.0.40219.1
Project("{FAE04EC0-301F-11D3-BF4B-00C04F79EFBC}") = "Logistics", "Logistics\Logistics.csproj", "{B4AC6D5C-242A-47C8-B422-C578E4CBC9A3}"
EndProject
Project("{FAE04EC0-301F-11D3-BF4B-00C04F79EFBC}") = "Data", "Data\Data.csproj", "{8E2D7069-0A00-41B5-92A0-D46FEB5AF2B5}"
EndProject
Project("{FAE04EC0-301F-11D3-BF4B-00C04F79EFBC}") = "Business", "Business\Business.csproj", "{D8ADA676-55BE-4252-86C5-D78300E08171}"
EndProject
Project("{FAE04EC0-301F-11D3-BF4B-00C04F79EFBC}") = "Model", "Model\Model.csproj", "{00DE9965-B2AC-4593-AD16-938C7A3681CC}"
EndProject
Global
	GlobalSection(SolutionConfigurationPlatforms) = preSolution
		Debug|Any CPU = Debug|Any CPU
		Release|Any CPU = Release|Any CPU
	EndGlobalSection
	GlobalSection(ProjectConfigurationPlatforms) = postSolution
		{B4AC6D5C-242A-47C8-B422-C578E4CBC9A3}.Debug|Any CPU.ActiveCfg = Debug|Any CPU
		{B4AC6D5C-242A-47C8-B422-C578E4CBC9A3}.Debug|Any CPU.Build.0 = Debug|Any CPU
		{B4AC6D5C-242A-47C8-B422-C578E4CBC9A3}.Release|Any CPU.ActiveCfg = Release|Any CPU
		{B4AC6D5C-242A-47C8-B422-C578E4CBC9A3}.Release|Any CPU.Build.0 = Release|Any CPU
		{8E2D7069-0A00-41B5-92A0-D46FEB5AF2B5}.Debug|Any CPU.ActiveCfg = Debug|Any CPU
		{8E2D7069-0A00-41B5-92A0-D46FEB5AF2B5}.Debug|Any CPU.Build.0 = Debug|Any CPU
		{8E2D7069-0A00-41B5-92A0-D46FEB5AF2B5}.Release|Any CPU.ActiveCfg = Release|Any CPU
		{8E2D7069-0A00-41B5-92A0-D46FEB5AF2B5}.Release|Any CPU.Build.0 = Release|Any CPU
		{D8ADA676-55BE-4252-86C5-D78300E08171}.Debug|Any CPU.ActiveCfg = Debug|Any CPU
		{D8ADA676-55BE-4252-86C5-D78300E08171}.Debug|Any CPU.Build.0 = Debug|Any CPU
		{D8ADA676-55BE-4252-86C5-D78300E08171}.Release|Any CPU.ActiveCfg = Release|Any CPU
		{D8ADA676-55BE-4252-86C5-D78300E08171}.Release|Any CPU.Build.0 = Release|Any CPU
		{00DE9965-B2AC-4593-AD16-938C7A3681CC}.Debug|Any CPU.ActiveCfg = Debug|Any CPU
		{00DE9965-B2AC-4593-AD16-938C7A3681CC}.Debug|Any CPU.Build.0 = Debug|Any CPU
		{00DE9965-B2AC-4593-AD16-938C7A3681CC}.Release|Any CPU.ActiveCfg = Release|Any CPU
		{00DE9965-B2AC-4593-AD16-938C7A3681CC}.Release|Any CPU.Build.0 = Release|Any CPU
	EndGlobalSection
	GlobalSection(SolutionProperties) = preSolution
		HideSolutionNode = FALSE
	EndGlobalSection
	GlobalSection(ExtensibilityGlobals) = postSolution
		SolutionGuid = {A4C60A06-27D7-40E3-B115-3DBAFA532108}
	EndGlobalSection
EndGlobal
